// !$*UTF8*$!
{
	archiveVersion = 1;
	classes = {
	};
	objectVersion = 46;
	objects = {

/* Begin PBXBuildFile section */
		7CD8C3201ED5BF0900E05617 /* AppDelegate.swift in Sources */ = {isa = PBXBuildFile; fileRef = 7CD8C31F1ED5BF0900E05617 /* AppDelegate.swift */; };
		7CD8C3221ED5BF0900E05617 /* GameScene.sks in Resources */ = {isa = PBXBuildFile; fileRef = 7CD8C3211ED5BF0900E05617 /* GameScene.sks */; };
		7CD8C3241ED5BF0900E05617 /* Actions.sks in Resources */ = {isa = PBXBuildFile; fileRef = 7CD8C3231ED5BF0900E05617 /* Actions.sks */; };
		7CD8C3261ED5BF0900E05617 /* GameScene.swift in Sources */ = {isa = PBXBuildFile; fileRef = 7CD8C3251ED5BF0900E05617 /* GameScene.swift */; };
		7CD8C3281ED5BF0900E05617 /* GameViewController.swift in Sources */ = {isa = PBXBuildFile; fileRef = 7CD8C3271ED5BF0900E05617 /* GameViewController.swift */; };
		7CD8C32B1ED5BF0900E05617 /* Main.storyboard in Resources */ = {isa = PBXBuildFile; fileRef = 7CD8C3291ED5BF0900E05617 /* Main.storyboard */; };
		7CD8C32D1ED5BF0900E05617 /* Assets.xcassets in Resources */ = {isa = PBXBuildFile; fileRef = 7CD8C32C1ED5BF0900E05617 /* Assets.xcassets */; };
		7CD8C3301ED5BF0900E05617 /* LaunchScreen.storyboard in Resources */ = {isa = PBXBuildFile; fileRef = 7CD8C32E1ED5BF0900E05617 /* LaunchScreen.storyboard */; };
/* End PBXBuildFile section */

/* Begin PBXFileReference section */
		7CD8C31C1ED5BF0900E05617 /* game1.app */ = {isa = PBXFileReference; explicitFileType = wrapper.application; includeInIndex = 0; path = game1.app; sourceTree = BUILT_PRODUCTS_DIR; };
		7CD8C31F1ED5BF0900E05617 /* AppDelegate.swift */ = {isa = PBXFileReference; lastKnownFileType = sourcecode.swift; path = AppDelegate.swift; sourceTree = "<group>"; };
		7CD8C3211ED5BF0900E05617 /* GameScene.sks */ = {isa = PBXFileReference; lastKnownFileType = file.sks; path = GameScene.sks; sourceTree = "<group>"; };
		7CD8C3231ED5BF0900E05617 /* Actions.sks */ = {isa = PBXFileReference; lastKnownFileType = file.sks; path = Actions.sks; sourceTree = "<group>"; };
		7CD8C3251ED5BF0900E05617 /* GameScene.swift */ = {isa = PBXFileReference; lastKnownFileType = sourcecode.swift; path = GameScene.swift; sourceTree = "<group>"; };
		7CD8C3271ED5BF0900E05617 /* GameViewController.swift */ = {isa = PBXFileReference; lastKnownFileType = sourcecode.swift; path = GameViewController.swift; sourceTree = "<group>"; };
		7CD8C32A1ED5BF0900E05617 /* Base */ = {isa = PBXFileReference; lastKnownFileType = file.storyboard; name = Base; path = Base.lproj/Main.storyboard; sourceTree = "<group>"; };
		7CD8C32C1ED5BF0900E05617 /* Assets.xcassets */ = {isa = PBXFileReference; lastKnownFileType = folder.assetcatalog; path = Assets.xcassets; sourceTree = "<group>"; };
		7CD8C32F1ED5BF0900E05617 /* Base */ = {isa = PBXFileReference; lastKnownFileType = file.storyboard; name = Base; path = Base.lproj/LaunchScreen.storyboard; sourceTree = "<group>"; };
		7CD8C3311ED5BF0900E05617 /* Info.plist */ = {isa = PBXFileReference; lastKnownFileType = text.plist.xml; path = Info.plist; sourceTree = "<group>"; };
/* End PBXFileReference section */

/* Begin PBXFrameworksBuildPhase section */
		7CD8C3191ED5BF0900E05617 /* Frameworks */ = {
			isa = PBXFrameworksBuildPhase;
			buildActionMask = 2147483647;
			files = (
			);
			runOnlyForDeploymentPostprocessing = 0;
		};
/* End PBXFrameworksBuildPhase section */

/* Begin PBXGroup section */
		7CD8C3131ED5BF0900E05617 = {
			isa = PBXGroup;
			children = (
				7CD8C31E1ED5BF0900E05617 /* game1 */,
				7CD8C31D1ED5BF0900E05617 /* Products */,
			);
			sourceTree = "<group>";
		};
		7CD8C31D1ED5BF0900E05617 /* Products */ = {
			isa = PBXGroup;
			children = (
				7CD8C31C1ED5BF0900E05617 /* game1.app */,
			);
			name = Products;
			sourceTree = "<group>";
		};
		7CD8C31E1ED5BF0900E05617 /* game1 */ = {
			isa = PBXGroup;
			children = (
				7CD8C31F1ED5BF0900E05617 /* AppDelegate.swift */,
				7CD8C3211ED5BF0900E05617 /* GameScene.sks */,
				7CD8C3231ED5BF0900E05617 /* Actions.sks */,
				7CD8C3251ED5BF0900E05617 /* GameScene.swift */,
				7CD8C3271ED5BF0900E05617 /* GameViewController.swift */,
				7CD8C3291ED5BF0900E05617 /* Main.storyboard */,
				7CD8C32C1ED5BF0900E05617 /* Assets.xcassets */,
				7CD8C32E1ED5BF0900E05617 /* LaunchScreen.storyboard */,
				7CD8C3311ED5BF0900E05617 /* Info.plist */,
			);
			path = game1;
			sourceTree = "<group>";
		};
/* End PBXGroup section */

/* Begin PBXNativeTarget section */
		7CD8C31B1ED5BF0900E05617 /* game1 */ = {
			isa = PBXNativeTarget;
			buildConfigurationList = 7CD8C3341ED5BF0900E05617 /* Build configuration list for PBXNativeTarget "game1" */;
			buildPhases = (
				7CD8C3181ED5BF0900E05617 /* Sources */,
				7CD8C3191ED5BF0900E05617 /* Frameworks */,
				7CD8C31A1ED5BF0900E05617 /* Resources */,
			);
			buildRules = (
			);
			dependencies = (
			);
			name = game1;
			productName = game1;
			productReference = 7CD8C31C1ED5BF0900E05617 /* game1.app */;
			productType = "com.apple.product-type.application";
		};
/* End PBXNativeTarget section */

/* Begin PBXProject section */
		7CD8C3141ED5BF0900E05617 /* Project object */ = {
			isa = PBXProject;
			attributes = {
				LastSwiftUpdateCheck = 0830;
				LastUpgradeCheck = 0830;
				ORGANIZATIONNAME = "Lew Flauta";
				TargetAttributes = {
					7CD8C31B1ED5BF0900E05617 = {
						CreatedOnToolsVersion = 8.3.1;
						DevelopmentTeam = J6UAGSG6PZ;
						ProvisioningStyle = Automatic;
					};
				};
			};
			buildConfigurationList = 7CD8C3171ED5BF0900E05617 /* Build configuration list for PBXProject "game1" */;
			compatibilityVersion = "Xcode 3.2";
			developmentRegion = English;
			hasScannedForEncodings = 0;
			knownRegions = (
				en,
				Base,
			);
			mainGroup = 7CD8C3131ED5BF0900E05617;
			productRefGroup = 7CD8C31D1ED5BF0900E05617 /* Products */;
			projectDirPath = "";
			projectRoot = "";
			targets = (
				7CD8C31B1ED5BF0900E05617 /* game1 */,
			);
		};
/* End PBXProject section */

/* Begin PBXResourcesBuildPhase section */
		7CD8C31A1ED5BF0900E05617 /* Resources */ = {
			isa = PBXResourcesBuildPhase;
			buildActionMask = 2147483647;
			files = (
				7CD8C32B1ED5BF0900E05617 /* Main.storyboard in Resources */,
				7CD8C3221ED5BF0900E05617 /* GameScene.sks in Resources */,
				7CD8C32D1ED5BF0900E05617 /* Assets.xcassets in Resources */,
				7CD8C3301ED5BF0900E05617 /* LaunchScreen.storyboard in Resources */,
				7CD8C3241ED5BF0900E05617 /* Actions.sks in Resources */,
			);
			runOnlyForDeploymentPostprocessing = 0;
		};
/* End PBXResourcesBuildPhase section */

/* Begin PBXSourcesBuildPhase section */
		7CD8C3181ED5BF0900E05617 /* Sources */ = {
			isa = PBXSourcesBuildPhase;
			buildActionMask = 2147483647;
			files = (
				7CD8C3261ED5BF0900E05617 /* GameScene.swift in Sources */,
				7CD8C3281ED5BF0900E05617 /* GameViewController.swift in Sources */,
				7CD8C3201ED5BF0900E05617 /* AppDelegate.swift in Sources */,
			);
			runOnlyForDeploymentPostprocessing = 0;
		};
/* End PBXSourcesBuildPhase section */

/* Begin PBXVariantGroup section */
		7CD8C3291ED5BF0900E05617 /* Main.storyboard */ = {
			isa = PBXVariantGroup;
			children = (
				7CD8C32A1ED5BF0900E05617 /* Base */,
			);
			name = Main.storyboard;
			sourceTree = "<group>";
		};
		7CD8C32E1ED5BF0900E05617 /* LaunchScreen.storyboard */ = {
			isa = PBXVariantGroup;
			children = (
				7CD8C32F1ED5BF0900E05617 /* Base */,
			);
			name = LaunchScreen.storyboard;
			sourceTree = "<group>";
		};
/* End PBXVariantGroup section */

/* Begin XCBuildConfiguration section */
		7CD8C3321ED5BF0900E05617 /* Debug */ = {
			isa = XCBuildConfiguration;
			buildSettings = {
				ALWAYS_SEARCH_USER_PATHS = NO;
				CLANG_ANALYZER_NONNULL = YES;
				CLANG_ANALYZER_NUMBER_OBJECT_CONVERSION = YES_AGGRESSIVE;
				CLANG_CXX_LANGUAGE_STANDARD = "gnu++0x";
				CLANG_CXX_LIBRARY = "libc++";
				CLANG_ENABLE_MODULES = YES;
				CLANG_ENABLE_OBJC_ARC = YES;
				CLANG_WARN_BOOL_CONVERSION = YES;
				CLANG_WARN_CONSTANT_CONVERSION = YES;
				CLANG_WARN_DIRECT_OBJC_ISA_USAGE = YES_ERROR;
				CLANG_WARN_DOCUMENTATION_COMMENTS = YES;
				CLANG_WARN_EMPTY_BODY = YES;
				CLANG_WARN_ENUM_CONVERSION = YES;
				CLANG_WARN_INFINITE_RECURSION = YES;
				CLANG_WARN_INT_CONVERSION = YES;
				CLANG_WARN_OBJC_ROOT_CLASS = YES_ERROR;
				CLANG_WARN_SUSPICIOUS_MOVE = YES;
				CLANG_WARN_UNREACHABLE_CODE = YES;
				CLANG_WARN__DUPLICATE_METHOD_MATCH = YES;
				"CODE_SIGN_IDENTITY[sdk=iphoneos*]" = "iPhone Developer";
				COPY_PHASE_STRIP = NO;
				DEBUG_INFORMATION_FORMAT = dwarf;
				ENABLE_STRICT_OBJC_MSGSEND = YES;
				ENABLE_TESTABILITY = YES;
				GCC_C_LANGUAGE_STANDARD = gnu99;
				GCC_DYNAMIC_NO_PIC = NO;
				GCC_NO_COMMON_BLOCKS = YES;
				GCC_OPTIMIZATION_LEVEL = 0;
				GCC_PREPROCESSOR_DEFINITIONS = (
					"DEBUG=1",
					"$(inherited)",
				);
				GCC_WARN_64_TO_32_BIT_CONVERSION = YES;
				GCC_WARN_ABOUT_RETURN_TYPE = YES_ERROR;
				GCC_WARN_UNDECLARED_SELECTOR = YES;
				GCC_WARN_UNINITIALIZED_AUTOS = YES_AGGRESSIVE;
				GCC_WARN_UNUSED_FUNCTION = YES;
				GCC_WARN_UNUSED_VARIABLE = YES;
				IPHONEOS_DEPLOYMENT_TARGET = 10.3;
				MTL_ENABLE_DEBUG_INFO = YES;
				ONLY_ACTIVE_ARCH = YES;
				SDKROOT = iphoneos;
				SWIFT_ACTIVE_COMPILATION_CONDITIONS = DEBUG;
				SWIFT_OPTIMIZATION_LEVEL = "-Onone";
			};
			name = Debug;
		};
		7CD8C3331ED5BF0900E05617 /* Release */ = {
			isa = XCBuildConfiguration;
			buildSettings = {
				ALWAYS_SEARCH_USER_PATHS = NO;
				CLANG_ANALYZER_NONNULL = YES;
				CLANG_ANALYZER_NUMBER_OBJECT_CONVERSION = YES_AGGRESSIVE;
				CLANG_CXX_LANGUAGE_STANDARD = "gnu++0x";
				CLANG_CXX_LIBRARY = "libc++";
				CLANG_ENABLE_MODULES = YES;
				CLANG_ENABLE_OBJC_ARC = YES;
				CLANG_WARN_BOOL_CONVERSION = YES;
				CLANG_WARN_CONSTANT_CONVERSION = YES;
				CLANG_WARN_DIRECT_OBJC_ISA_USAGE = YES_ERROR;
				CLANG_WARN_DOCUMENTATION_COMMENTS = YES;
				CLANG_WARN_EMPTY_BODY = YES;
				CLANG_WARN_ENUM_CONVERSION = YES;
				CLANG_WARN_INFINITE_RECURSION = YES;
				CLANG_WARN_INT_CONVERSION = YES;
				CLANG_WARN_OBJC_ROOT_CLASS = YES_ERROR;
				CLANG_WARN_SUSPICIOUS_MOVE = YES;
				CLANG_WARN_UNREACHABLE_CODE = YES;
				CLANG_WARN__DUPLICATE_METHOD_MATCH = YES;
				"CODE_SIGN_IDENTITY[sdk=iphoneos*]" = "iPhone Developer";
				COPY_PHASE_STRIP = NO;
				DEBUG_INFORMATION_FORMAT = "dwarf-with-dsym";
				ENABLE_NS_ASSERTIONS = NO;
				ENABLE_STRICT_OBJC_MSGSEND = YES;
				GCC_C_LANGUAGE_STANDARD = gnu99;
				GCC_NO_COMMON_BLOCKS = YES;
				GCC_WARN_64_TO_32_BIT_CONVERSION = YES;
				GCC_WARN_ABOUT_RETURN_TYPE = YES_ERROR;
				GCC_WARN_UNDECLARED_SELECTOR = YES;
				GCC_WARN_UNINITIALIZED_AUTOS = YES_AGGRESSIVE;
				GCC_WARN_UNUSED_FUNCTION = YES;
				GCC_WARN_UNUSED_VARIABLE = YES;
				IPHONEOS_DEPLOYMENT_TARGET = 10.3;
				MTL_ENABLE_DEBUG_INFO = NO;
				SDKROOT = iphoneos;
				SWIFT_OPTIMIZATION_LEVEL = "-Owholemodule";
				VALIDATE_PRODUCT = YES;
			};
			name = Release;
		};
		7CD8C3351ED5BF0900E05617 /* Debug */ = {
			isa = XCBuildConfiguration;
			buildSettings = {
				ASSETCATALOG_COMPILER_APPICON_NAME = AppIcon;
				DEVELOPMENT_TEAM = J6UAGSG6PZ;
				INFOPLIST_FILE = game1/Info.plist;
				LD_RUNPATH_SEARCH_PATHS = "$(inherited) @executable_path/Frameworks";
				PRODUCT_BUNDLE_IDENTIFIER = com.flautal.game1;
				PRODUCT_NAME = "$(TARGET_NAME)";
				SWIFT_VERSION = 3.0;
			};
			name = Debug;
		};
		7CD8C3361ED5BF0900E05617 /* Release */ = {
			isa = XCBuildConfiguration;
			buildSettings = {
				ASSETCATALOG_COMPILER_APPICON_NAME = AppIcon;
				DEVELOPMENT_TEAM = J6UAGSG6PZ;
				INFOPLIST_FILE = game1/Info.plist;
				LD_RUNPATH_SEARCH_PATHS = "$(inherited) @executable_path/Frameworks";
				PRODUCT_BUNDLE_IDENTIFIER = com.flautal.game1;
				PRODUCT_NAME = "$(TARGET_NAME)";
				SWIFT_VERSION = 3.0;
			};
			name = Release;
		};
/* End XCBuildConfiguration section */

/* Begin XCConfigurationList section */
		7CD8C3171ED5BF0900E05617 /* Build configuration list for PBXProject "game1" */ = {
			isa = XCConfigurationList;
			buildConfigurations = (
				7CD8C3321ED5BF0900E05617 /* Debug */,
				7CD8C3331ED5BF0900E05617 /* Release */,
			);
			defaultConfigurationIsVisible = 0;
			defaultConfigurationName = Release;
		};
		7CD8C3341ED5BF0900E05617 /* Build configuration list for PBXNativeTarget "game1" */ = {
			isa = XCConfigurationList;
			buildConfigurations = (
				7CD8C3351ED5BF0900E05617 /* Debug */,
				7CD8C3361ED5BF0900E05617 /* Release */,
			);
			defaultConfigurationIsVisible = 0;
		};
/* End XCConfigurationList section */
	};
	rootObject = 7CD8C3141ED5BF0900E05617 /* Project object */;
}
